
Microsoft Visual Studio Solution File, Format Version 12.00
# Visual Studio Version 17
VisualStudioVersion = 17.6.33829.357
MinimumVisualStudioVersion = 10.0.40219.1
Project("{8BC9CEB8-8B4A-11D0-8D11-00A0C91BC942}") = "problem47 secondsolution", "problem47 secondsolution\problem47 secondsolution.vcxproj", "{B4D6B25D-64A0-4A50-8B15-8F57E920DDAF}"
EndProject
Global
	GlobalSection(SolutionConfigurationPlatforms) = preSolution
		Debug|x64 = Debug|x64
		Debug|x86 = Debug|x86
		Release|x64 = Release|x64
		Release|x86 = Release|x86
	EndGlobalSection
	GlobalSection(ProjectConfigurationPlatforms) = postSolution
		{B4D6B25D-64A0-4A50-8B15-8F57E920DDAF}.Debug|x64.ActiveCfg = Debug|x64
		{B4D6B25D-64A0-4A50-8B15-8F57E920DDAF}.Debug|x64.Build.0 = Debug|x64
		{B4D6B25D-64A0-4A50-8B15-8F57E920DDAF}.Debug|x86.ActiveCfg = Debug|Win32
		{B4D6B25D-64A0-4A50-8B15-8F57E920DDAF}.Debug|x86.Build.0 = Debug|Win32
		{B4D6B25D-64A0-4A50-8B15-8F57E920DDAF}.Release|x64.ActiveCfg = Release|x64
		{B4D6B25D-64A0-4A50-8B15-8F57E920DDAF}.Release|x64.Build.0 = Release|x64
		{B4D6B25D-64A0-4A50-8B15-8F57E920DDAF}.Release|x86.ActiveCfg = Release|Win32
		{B4D6B25D-64A0-4A50-8B15-8F57E920DDAF}.Release|x86.Build.0 = Release|Win32
	EndGlobalSection
	GlobalSection(SolutionProperties) = preSolution
		HideSolutionNode = FALSE
	EndGlobalSection
	GlobalSection(ExtensibilityGlobals) = postSolution
		SolutionGuid = {C5140F5B-820B-4286-8A5E-D7742DF9BD6A}
	EndGlobalSection
EndGlobal
