
Microsoft Visual Studio Solution File, Format Version 12.00
# Visual Studio Version 17
VisualStudioVersion = 17.3.32929.385
MinimumVisualStudioVersion = 10.0.40219.1
Project("{8BC9CEB8-8B4A-11D0-8D11-00A0C91BC942}") = "problem16function", "problem16function\problem16function.vcxproj", "{A670714F-789C-41CA-B896-B5C699FFE527}"
EndProject
Global
	GlobalSection(SolutionConfigurationPlatforms) = preSolution
		Debug|x64 = Debug|x64
		Debug|x86 = Debug|x86
		Release|x64 = Release|x64
		Release|x86 = Release|x86
	EndGlobalSection
	GlobalSection(ProjectConfigurationPlatforms) = postSolution
		{A670714F-789C-41CA-B896-B5C699FFE527}.Debug|x64.ActiveCfg = Debug|x64
		{A670714F-789C-41CA-B896-B5C699FFE527}.Debug|x64.Build.0 = Debug|x64
		{A670714F-789C-41CA-B896-B5C699FFE527}.Debug|x86.ActiveCfg = Debug|Win32
		{A670714F-789C-41CA-B896-B5C699FFE527}.Debug|x86.Build.0 = Debug|Win32
		{A670714F-789C-41CA-B896-B5C699FFE527}.Release|x64.ActiveCfg = Release|x64
		{A670714F-789C-41CA-B896-B5C699FFE527}.Release|x64.Build.0 = Release|x64
		{A670714F-789C-41CA-B896-B5C699FFE527}.Release|x86.ActiveCfg = Release|Win32
		{A670714F-789C-41CA-B896-B5C699FFE527}.Release|x86.Build.0 = Release|Win32
	EndGlobalSection
	GlobalSection(SolutionProperties) = preSolution
		HideSolutionNode = FALSE
	EndGlobalSection
	GlobalSection(ExtensibilityGlobals) = postSolution
		SolutionGuid = {B96268B6-E687-44A2-B1E6-17E8BD0FD6C8}
	EndGlobalSection
EndGlobal
