
Microsoft Visual Studio Solution File, Format Version 12.00
# Visual Studio Version 17
VisualStudioVersion = 17.6.33815.320
MinimumVisualStudioVersion = 10.0.40219.1
Project("{8BC9CEB8-8B4A-11D0-8D11-00A0C91BC942}") = "problem13", "problem13\problem13.vcxproj", "{B0984CEC-9A5E-4A16-B762-21014C3E9530}"
EndProject
Global
	GlobalSection(SolutionConfigurationPlatforms) = preSolution
		Debug|x64 = Debug|x64
		Debug|x86 = Debug|x86
		Release|x64 = Release|x64
		Release|x86 = Release|x86
	EndGlobalSection
	GlobalSection(ProjectConfigurationPlatforms) = postSolution
		{B0984CEC-9A5E-4A16-B762-21014C3E9530}.Debug|x64.ActiveCfg = Debug|x64
		{B0984CEC-9A5E-4A16-B762-21014C3E9530}.Debug|x64.Build.0 = Debug|x64
		{B0984CEC-9A5E-4A16-B762-21014C3E9530}.Debug|x86.ActiveCfg = Debug|Win32
		{B0984CEC-9A5E-4A16-B762-21014C3E9530}.Debug|x86.Build.0 = Debug|Win32
		{B0984CEC-9A5E-4A16-B762-21014C3E9530}.Release|x64.ActiveCfg = Release|x64
		{B0984CEC-9A5E-4A16-B762-21014C3E9530}.Release|x64.Build.0 = Release|x64
		{B0984CEC-9A5E-4A16-B762-21014C3E9530}.Release|x86.ActiveCfg = Release|Win32
		{B0984CEC-9A5E-4A16-B762-21014C3E9530}.Release|x86.Build.0 = Release|Win32
	EndGlobalSection
	GlobalSection(SolutionProperties) = preSolution
		HideSolutionNode = FALSE
	EndGlobalSection
	GlobalSection(ExtensibilityGlobals) = postSolution
		SolutionGuid = {A1A88A34-FD3B-4966-AB28-9B4253BF5AEC}
	EndGlobalSection
EndGlobal
