
Microsoft Visual Studio Solution File, Format Version 12.00
# Visual Studio Version 17
VisualStudioVersion = 17.7.34009.444
MinimumVisualStudioVersion = 10.0.40219.1
Project("{8BC9CEB8-8B4A-11D0-8D11-00A0C91BC942}") = "Date Time Structure", "Date Time Structure\Date Time Structure.vcxproj", "{6D7DE50D-127E-4E89-9FD1-B49AFD1C9EAC}"
EndProject
Global
	GlobalSection(SolutionConfigurationPlatforms) = preSolution
		Debug|x64 = Debug|x64
		Debug|x86 = Debug|x86
		Release|x64 = Release|x64
		Release|x86 = Release|x86
	EndGlobalSection
	GlobalSection(ProjectConfigurationPlatforms) = postSolution
		{6D7DE50D-127E-4E89-9FD1-B49AFD1C9EAC}.Debug|x64.ActiveCfg = Debug|x64
		{6D7DE50D-127E-4E89-9FD1-B49AFD1C9EAC}.Debug|x64.Build.0 = Debug|x64
		{6D7DE50D-127E-4E89-9FD1-B49AFD1C9EAC}.Debug|x86.ActiveCfg = Debug|Win32
		{6D7DE50D-127E-4E89-9FD1-B49AFD1C9EAC}.Debug|x86.Build.0 = Debug|Win32
		{6D7DE50D-127E-4E89-9FD1-B49AFD1C9EAC}.Release|x64.ActiveCfg = Release|x64
		{6D7DE50D-127E-4E89-9FD1-B49AFD1C9EAC}.Release|x64.Build.0 = Release|x64
		{6D7DE50D-127E-4E89-9FD1-B49AFD1C9EAC}.Release|x86.ActiveCfg = Release|Win32
		{6D7DE50D-127E-4E89-9FD1-B49AFD1C9EAC}.Release|x86.Build.0 = Release|Win32
	EndGlobalSection
	GlobalSection(SolutionProperties) = preSolution
		HideSolutionNode = FALSE
	EndGlobalSection
	GlobalSection(ExtensibilityGlobals) = postSolution
		SolutionGuid = {13D29F11-D5F3-48CB-8CF4-CE1BD4D232A4}
	EndGlobalSection
EndGlobal
