
Microsoft Visual Studio Solution File, Format Version 12.00
# Visual Studio Version 17
VisualStudioVersion = 17.7.34024.191
MinimumVisualStudioVersion = 10.0.40219.1
Project("{8BC9CEB8-8B4A-11D0-8D11-00A0C91BC942}") = "Problem23", "Problem23\Problem23.vcxproj", "{73FC41F4-96C2-421D-A560-CCC4151A41CF}"
EndProject
Global
	GlobalSection(SolutionConfigurationPlatforms) = preSolution
		Debug|x64 = Debug|x64
		Debug|x86 = Debug|x86
		Release|x64 = Release|x64
		Release|x86 = Release|x86
	EndGlobalSection
	GlobalSection(ProjectConfigurationPlatforms) = postSolution
		{73FC41F4-96C2-421D-A560-CCC4151A41CF}.Debug|x64.ActiveCfg = Debug|x64
		{73FC41F4-96C2-421D-A560-CCC4151A41CF}.Debug|x64.Build.0 = Debug|x64
		{73FC41F4-96C2-421D-A560-CCC4151A41CF}.Debug|x86.ActiveCfg = Debug|Win32
		{73FC41F4-96C2-421D-A560-CCC4151A41CF}.Debug|x86.Build.0 = Debug|Win32
		{73FC41F4-96C2-421D-A560-CCC4151A41CF}.Release|x64.ActiveCfg = Release|x64
		{73FC41F4-96C2-421D-A560-CCC4151A41CF}.Release|x64.Build.0 = Release|x64
		{73FC41F4-96C2-421D-A560-CCC4151A41CF}.Release|x86.ActiveCfg = Release|Win32
		{73FC41F4-96C2-421D-A560-CCC4151A41CF}.Release|x86.Build.0 = Release|Win32
	EndGlobalSection
	GlobalSection(SolutionProperties) = preSolution
		HideSolutionNode = FALSE
	EndGlobalSection
	GlobalSection(ExtensibilityGlobals) = postSolution
		SolutionGuid = {578990E0-ECAE-436F-942F-84120FE47B44}
	EndGlobalSection
EndGlobal
